<?xml version="1.0" encoding="utf-8"?>
<Project ToolsVersion="4.0" xmlns="http://schemas.microsoft.com/developer/msbuild/2003">
  <ItemGroup>
    <Filter Include="Source Files">
      <UniqueIdentifier>{4FC737F1-C7A5-4376-A066-2A32D752A2FF}</UniqueIdentifier>
      <Extensions>cpp;c;cc;cxx;def;odl;idl;hpj;bat;asm;asmx</Extensions>
    </Filter>
    <Filter Include="Header Files">
      <UniqueIdentifier>{93995380-89BD-4b04-88EB-625FBE52EBFB}</UniqueIdentifier>
      <Extensions>h;hpp;hxx;hm;inl;inc;xsd</Extensions>
    </Filter>
    <Filter Include="Header Files\Simulation">
      <UniqueIdentifier>{0f0b389d-e63f-4516-a936-10fc3c613e1b}</UniqueIdentifier>
    </Filter>
    <Filter Include="Source Files\Simulation">
      <UniqueIdentifier>{f7ab03e2-f2fe-4c1a-984c-02cda91185e6}</UniqueIdentifier>
    </Filter>
    <Filter Include="Header Files\Database">
      <UniqueIdentifier>{cf00f1a5-77bf-4883-9003-ad2e902be8d4}</UniqueIdentifier>
    </Filter>
    <Filter Include="Source Files\Database">
      <UniqueIdentifier>{d9c26546-3166-46e6-ac93-5559d5ab32b8}</UniqueIdentifier>
    </Filter>
    <Filter Include="Header Files\Math">
      <UniqueIdentifier>{0717ffeb-69ab-4832-904c-3041b3b86ac5}</UniqueIdentifier>
    </Filter>
    <Filter Include="Source Files\Simulation\Workloads">
      <UniqueIdentifier>{f9450bee-6bd3-4870-ae67-d4e1a5c5c800}</UniqueIdentifier>
    </Filter>
    <Filter Include="Source Files\Modeling">
      <UniqueIdentifier>{d9476782-e8e4-4dc3-9960-991234e544ef}</UniqueIdentifier>
    </Filter>
    <Filter Include="Header Files\Modeling">
      <UniqueIdentifier>{22148718-6bb2-4693-ba44-79b5a08591ed}</UniqueIdentifier>
    </Filter>
    <Filter Include="Header Files\Simulation\Workloads">
      <UniqueIdentifier>{ec05c495-e179-4db3-b21c-fd2292482f95}</UniqueIdentifier>
    </Filter>
  </ItemGroup>
  <ItemGroup>
    <ClCompile Include="src\database\Database.cpp">
      <Filter>Source Files\Database</Filter>
    </ClCompile>
    <ClCompile Include="src\modeling\Rack.cpp">
      <Filter>Source Files\Modeling</Filter>
    </ClCompile>
    <ClCompile Include="src\simulation\workloads\Workload.cpp">
      <Filter>Source Files\Simulation\Workloads</Filter>
    </ClCompile>
    <ClCompile Include="src\modeling\Entity.cpp">
      <Filter>Source Files\Modeling</Filter>
    </ClCompile>
    <ClCompile Include="src\modeling\machine\CPU.cpp">
      <Filter>Source Files</Filter>
    </ClCompile>
    <ClCompile Include="src\modeling\machine\Machine.cpp">
      <Filter>Source Files\Modeling</Filter>
    </ClCompile>
    <ClCompile Include="src\modeling\machine\GPU.cpp">
      <Filter>Source Files</Filter>
    </ClCompile>
    <ClCompile Include="src\simulation\workloads\WorkloadPool.cpp">
      <Filter>Source Files</Filter>
    </ClCompile>
    <ClCompile Include="src\Simulator.cpp">
      <Filter>Source Files\Simulation</Filter>
    </ClCompile>
  </ItemGroup>
  <ItemGroup>
    <ClInclude Include="include\database\Database.h">
      <Filter>Header Files\Database</Filter>
    </ClInclude>
    <ClInclude Include="include\Simulator.h">
      <Filter>Header Files\Simulation</Filter>
    </ClInclude>
    <ClInclude Include="include\simulation\workloads\Workload.h">
      <Filter>Header Files\Simulation\Workloads</Filter>
    </ClInclude>
    <ClInclude Include="include\database\Queries.h">
      <Filter>Header Files\Database</Filter>
    </ClInclude>
    <ClInclude Include="include\database\QueryExecuter.h">
      <Filter>Header Files\Database</Filter>
    </ClInclude>
    <ClInclude Include="include\database\Query.h">
      <Filter>Header Files\Database</Filter>
    </ClInclude>
    <ClInclude Include="include\database\QueryResult.h">
      <Filter>Header Files\Database</Filter>
    </ClInclude>
    <ClInclude Include="include\modeling\Datacenter.h">
      <Filter>Header Files\Modeling</Filter>
    </ClInclude>
    <ClInclude Include="include\modeling\ModelingTypes.h">
      <Filter>Header Files\Modeling</Filter>
    </ClInclude>
    <ClInclude Include="include\modeling\Room.h">
      <Filter>Header Files\Modeling</Filter>
    </ClInclude>
    <ClInclude Include="include\modeling\TypeIndex.h">
      <Filter>Header Files\Modeling</Filter>
    </ClInclude>
    <ClInclude Include="include\modeling\machine\CPU.h">
      <Filter>Header Files</Filter>
    </ClInclude>
    <ClInclude Include="include\modeling\machine\Machine.h">
      <Filter>Header Files\Modeling</Filter>
    </ClInclude>
    <ClInclude Include="include\modeling\Entity.h">
      <Filter>Header Files\Modeling</Filter>
    </ClInclude>
    <ClInclude Include="include\modeling\Rack.h">
      <Filter>Header Files\Modeling</Filter>
    </ClInclude>
    <ClInclude Include="include\modeling\machine\GPU.h">
      <Filter>Header Files</Filter>
    </ClInclude>
    <ClInclude Include="include\simulation\workloads\WorkloadPool.h">
      <Filter>Header Files</Filter>
    </ClInclude>
    <ClInclude Include="include\simulation\schedulers\FirstInFirstOutScheduler.h">
      <Filter>Header Files</Filter>
    </ClInclude>
    <ClInclude Include="include\simulation\schedulers\Scheduler.h">
      <Filter>Header Files\Simulation\Workloads</Filter>
    </ClInclude>
    <ClInclude Include="include\simulation\schedulers\ShortestRemainingTimeScheduler.h">
      <Filter>Header Files</Filter>
    </ClInclude>
    <ClInclude Include="include\simulation\history\SimulationHistory.h">
      <Filter>Header Files\Simulation</Filter>
    </ClInclude>
    <ClInclude Include="include\simulation\history\History.h">
      <Filter>Header Files</Filter>
    </ClInclude>
    <ClInclude Include="include\simulation\history\MachineSnapshot.h">
      <Filter>Header Files</Filter>
    </ClInclude>
    <ClInclude Include="include\simulation\history\WorkloadSnapshot.h">
      <Filter>Header Files\Simulation\Workloads</Filter>
    </ClInclude>
    <ClInclude Include="include\simulation\Section.h">
      <Filter>Header Files\Simulation</Filter>
    </ClInclude>
    <ClInclude Include="include\simulation\Path.h">
      <Filter>Header Files</Filter>
    </ClInclude>
    <ClInclude Include="include\simulation\Experiment.h">
      <Filter>Header Files</Filter>
    </ClInclude>
  </ItemGroup>
</Project>